
Microsoft Visual Studio Solution File, Format Version 12.00
# Visual Studio Version 17
VisualStudioVersion = 17.8.34322.80
MinimumVisualStudioVersion = 10.0.40219.1
Project("{FAE04EC0-301F-11D3-BF4B-00C04F79EFBC}") = "ConsoleUI", "ConsoleUI\ConsoleUI.csproj", "{614C6209-FBED-4FF0-ACFB-DF7C7A7A5845}"
EndProject
Global
	GlobalSection(SolutionConfigurationPlatforms) = preSolution
		Debug|Any CPU = Debug|Any CPU
		Release|Any CPU = Release|Any CPU
	EndGlobalSection
	GlobalSection(ProjectConfigurationPlatforms) = postSolution
		{614C6209-FBED-4FF0-ACFB-DF7C7A7A5845}.Debug|Any CPU.ActiveCfg = Debug|Any CPU
		{614C6209-FBED-4FF0-ACFB-DF7C7A7A5845}.Debug|Any CPU.Build.0 = Debug|Any CPU
		{614C6209-FBED-4FF0-ACFB-DF7C7A7A5845}.Release|Any CPU.ActiveCfg = Release|Any CPU
		{614C6209-FBED-4FF0-ACFB-DF7C7A7A5845}.Release|Any CPU.Build.0 = Release|Any CPU
	EndGlobalSection
	GlobalSection(SolutionProperties) = preSolution
		HideSolutionNode = FALSE
	EndGlobalSection
	GlobalSection(ExtensibilityGlobals) = postSolution
		SolutionGuid = {AFA53244-70E5-48D3-95FE-296125CB3A3E}
	EndGlobalSection
EndGlobal
